
Microsoft Visual Studio Solution File, Format Version 12.00
# Visual Studio Version 17
VisualStudioVersion = 17.14.36915.13 d17.14
MinimumVisualStudioVersion = 10.0.40219.1
Project("{FAE04EC0-301F-11D3-BF4B-00C04F79EFBC}") = "BusinessInventoryManager", "BusinessInventoryManager\BusinessInventoryManager.csproj", "{62D9E843-AF4E-4CE7-BAC8-EBD0C056E912}"
EndProject
Global
	GlobalSection(SolutionConfigurationPlatforms) = preSolution
		Debug|Any CPU = Debug|Any CPU
		Release|Any CPU = Release|Any CPU
	EndGlobalSection
	GlobalSection(ProjectConfigurationPlatforms) = postSolution
		{62D9E843-AF4E-4CE7-BAC8-EBD0C056E912}.Debug|Any CPU.ActiveCfg = Debug|Any CPU
		{62D9E843-AF4E-4CE7-BAC8-EBD0C056E912}.Debug|Any CPU.Build.0 = Debug|Any CPU
		{62D9E843-AF4E-4CE7-BAC8-EBD0C056E912}.Release|Any CPU.ActiveCfg = Release|Any CPU
		{62D9E843-AF4E-4CE7-BAC8-EBD0C056E912}.Release|Any CPU.Build.0 = Release|Any CPU
	EndGlobalSection
	GlobalSection(SolutionProperties) = preSolution
		HideSolutionNode = FALSE
	EndGlobalSection
	GlobalSection(ExtensibilityGlobals) = postSolution
		SolutionGuid = {CD34CF7B-DBB5-4A27-B8FC-0D944451DCC0}
	EndGlobalSection
EndGlobal
